
Microsoft Visual Studio Solution File, Format Version 12.00
# Visual Studio Version 16
VisualStudioVersion = 16.0.29215.179
MinimumVisualStudioVersion = 10.0.40219.1
Project("{FAE04EC0-301F-11D3-BF4B-00C04F79EFBC}") = "Inventarios", "Inventarios.csproj", "{A51015A1-9071-4FC9-99E7-8A2A3CC47752}"
EndProject
Project("{FAE04EC0-301F-11D3-BF4B-00C04F79EFBC}") = "Inventarios.DataLayer", "..\Inventarios.DataLayer\Inventarios.DataLayer.csproj", "{2AE62EBB-A658-4DA4-B909-547AB93E8CA7}"
EndProject
Global
	GlobalSection(SolutionConfigurationPlatforms) = preSolution
		Debug|Any CPU = Debug|Any CPU
		Release|Any CPU = Release|Any CPU
	EndGlobalSection
	GlobalSection(ProjectConfigurationPlatforms) = postSolution
		{A51015A1-9071-4FC9-99E7-8A2A3CC47752}.Debug|Any CPU.ActiveCfg = Debug|Any CPU
		{A51015A1-9071-4FC9-99E7-8A2A3CC47752}.Debug|Any CPU.Build.0 = Debug|Any CPU
		{A51015A1-9071-4FC9-99E7-8A2A3CC47752}.Release|Any CPU.ActiveCfg = Release|Any CPU
		{A51015A1-9071-4FC9-99E7-8A2A3CC47752}.Release|Any CPU.Build.0 = Release|Any CPU
		{2AE62EBB-A658-4DA4-B909-547AB93E8CA7}.Debug|Any CPU.ActiveCfg = Debug|Any CPU
		{2AE62EBB-A658-4DA4-B909-547AB93E8CA7}.Debug|Any CPU.Build.0 = Debug|Any CPU
		{2AE62EBB-A658-4DA4-B909-547AB93E8CA7}.Release|Any CPU.ActiveCfg = Release|Any CPU
		{2AE62EBB-A658-4DA4-B909-547AB93E8CA7}.Release|Any CPU.Build.0 = Release|Any CPU
	EndGlobalSection
	GlobalSection(SolutionProperties) = preSolution
		HideSolutionNode = FALSE
	EndGlobalSection
	GlobalSection(ExtensibilityGlobals) = postSolution
		SolutionGuid = {4417F395-ECC2-4749-8611-97E0F37B538F}
	EndGlobalSection
EndGlobal
